<?xml version="1.0" encoding="UTF-8" standalone="yes" ?>
<CodeBlocks_project_file>
	<FileVersion major="1" minor="6" />
	<Project>
		<Option title="FiPPS2-codeblocks" />
		<Option pch_mode="2" />
		<Option compiler="intelfortran" />
		<Build>
			<Target title="debug">
				<Option output="bin/Debug/FiPPS2-codeblocks" prefix_auto="1" extension_auto="1" />
				<Option object_output="obj/Debug/" />
				<Option type="1" />
				<Option compiler="intelfortran" />
			</Target>
			<Target title="default">
				<Option output="bin/Release/FiPPS2-codeblocks" prefix_auto="1" extension_auto="1" />
				<Option object_output="obj/Release/" />
				<Option type="1" />
				<Option compiler="intelfortran" />
			</Target>
		</Build>
		<Unit filename="../ApameSolver/src/Makefile" />
		<Unit filename="../ApameSolver/src/apame.f90" />
		<Unit filename="../ApameSolver/src/func_IDW.f90" />
		<Unit filename="../ApameSolver/src/func_message.f90" />
		<Unit filename="../ApameSolver/src/func_new_line.f90" />
		<Unit filename="../ApameSolver/src/func_tic.f90" />
		<Unit filename="../ApameSolver/src/func_title.f90" />
		<Unit filename="../ApameSolver/src/func_toc.f90" />
		<Unit filename="../ApameSolver/src/func_vect_ang.f90" />
		<Unit filename="../ApameSolver/src/func_vect_inprod.f90" />
		<Unit filename="../ApameSolver/src/func_vect_mod.f90" />
		<Unit filename="../ApameSolver/src/func_vect_prod.f90" />
		<Unit filename="../ApameSolver/src/module_grid.f90" />
		<Unit filename="../ApameSolver/src/module_induced_drag.f90" />
		<Unit filename="../ApameSolver/src/module_influence.f90" />
		<Unit filename="../ApameSolver/src/module_input.f90" />
		<Unit filename="../ApameSolver/src/module_kind_and_konst.f90" />
		<Unit filename="../ApameSolver/src/module_modify_wake.f90" />
		<Unit filename="../ApameSolver/src/module_pressure.f90" />
		<Unit filename="../ApameSolver/src/module_rhs.f90" />
		<Unit filename="../ApameSolver/src/module_velocity.f90" />
		<Unit filename="../ApameSolver/src/subr_apame_main.f90" />
		<Unit filename="../ApameSolver/src/subr_results.f90" />
		<Unit filename="../ApameSolver/src/subr_speeds.f90" />
		<Unit filename="../ApameSolver/src/subr_vtk_results.f90" />
		<Unit filename="../ApameSolver/src/subr_write_case.f90" />
		<Unit filename="../ApameSolver/src/subr_write_coef.f90" />
		<Unit filename="../ApameSolver/src/subr_write_key.f90" />
		<Unit filename="../ApameSolver/src/subr_write_ptot.f90" />
		<Unit filename="../ApameSolver/src/subr_write_time.f90" />
		<Unit filename="../Makefile" />
		<Unit filename="../PANEL2D/makefile" />
		<Unit filename="../PANEL2D/src/add_displacements.f90" />
		<Unit filename="../PANEL2D/src/bl_functions.f90" />
		<Unit filename="../PANEL2D/src/boundary_layer.f90" />
		<Unit filename="../PANEL2D/src/calculate_ABmat.f90" />
		<Unit filename="../PANEL2D/src/calculate_geometry.f90" />
		<Unit filename="../PANEL2D/src/check_airfoil.f90" />
		<Unit filename="../PANEL2D/src/drag_squire_young.f90" />
		<Unit filename="../PANEL2D/src/functions.f90" />
		<Unit filename="../PANEL2D/src/inverse_LU.f90" />
		<Unit filename="../PANEL2D/src/isa.f90" />
		<Unit filename="../PANEL2D/src/konst_var.f90" />
		<Unit filename="../PANEL2D/src/netz_variablen.f90" />
		<Unit filename="../PANEL2D/src/panel2d.f90" />
		<Unit filename="../PANEL2D/src/panel2d_main.f90" />
		<Unit filename="../PANEL2D/src/panel_geometry.f90" />
		<Unit filename="../PANEL2D/src/ppval.f90" />
		<Unit filename="../PANEL2D/src/pressure_calculation.f90" />
		<Unit filename="../PANEL2D/src/read_input.f90" />
		<Unit filename="../PANEL2D/src/refine_mesh.f90" />
		<Unit filename="../PANEL2D/src/runge.f90" />
		<Unit filename="../PANEL2D/src/solve_bl_moran.f90" />
		<Unit filename="../PANEL2D/src/sort_nodes.f90" />
		<Unit filename="../PANEL2D/src/spline.f90" />
		<Unit filename="../PANEL2D/src/splineInterpol.f90" />
		<Unit filename="../PANEL2D/src/stagnation_point.f90" />
		<Unit filename="../PANEL2D/src/unify_airfoil.f90" />
		<Unit filename="../PANEL2D/src/write_vtk.f90" />
		<Unit filename="../PANEL2D/src/xfoil_deps.f" />
		<Unit filename="../README.md" />
		<Unit filename="../Vorlagen/Subroutine.f90" />
		<Unit filename="../XfoilWrapper/makefile" />
		<Unit filename="../XfoilWrapper/src/xfoilwrapper_main.f90" />
		<Unit filename="../XfoilWrapper/src/xfw_functions.f90" />
		<Unit filename="../XfoilWrapper/src/xfw_konst_var.f90" />
		<Unit filename="../XfoilWrapper/src/xfw_ma_crit.f90" />
		<Unit filename="../XfoilWrapper/src/xfw_netz_variablen.f90" />
		<Unit filename="../XfoilWrapper/src/xfw_read_input.f90" />
		<Unit filename="../XfoilWrapper/src/xfw_read_xfoil.f90" />
		<Unit filename="../XfoilWrapper/src/xfw_start_xfoil.f90" />
		<Unit filename="../XfoilWrapper/src/xfw_write_af_coords.f90" />
		<Unit filename="../XfoilWrapper/src/xfw_write_xfoil_input.f90" />
		<Unit filename="../include/Makefile" />
		<Unit filename="../include/ausgabe_typen.f90" />
		<Unit filename="../include/dof_types.f90" />
		<Unit filename="../include/eigenschaften_typen.f90" />
		<Unit filename="../include/element_typen.f90" />
		<Unit filename="../include/ergebnis_typen.f90" />
		<Unit filename="../include/failure_criteria.f90" />
		<Unit filename="../include/failurecriteria_typen.f90" />
		<Unit filename="../include/fesimulation_typen.f90" />
		<Unit filename="../include/globale_variablen.f90" />
		<Unit filename="../include/integration_schemes.f90" />
		<Unit filename="../include/internals_typen.f90" />
		<Unit filename="../include/knoten_typen.f90" />
		<Unit filename="../include/konstanten.f90" />
		<Unit filename="../include/koordinatensystem_typen.f90" />
		<Unit filename="../include/laminat_typen.f90" />
		<Unit filename="../include/last_typen.f90" />
		<Unit filename="../include/mat_func.f90" />
		<Unit filename="../include/material_typen.f90" />
		<Unit filename="../include/pre_assemble_types.f90" />
		<Unit filename="../include/randbedingung_typen.f90" />
		<Unit filename="../include/residual_typen.f90" />
		<Unit filename="../include/vec_func.f90" />
		<Unit filename="../include/vtk_variablen.f90" />
		<Unit filename="../makeconfig.mk" />
		<Unit filename="../outputLibrary/Makefile" />
		<Unit filename="../outputLibrary/sol1_output_user.f90" />
		<Unit filename="../outputLibrary/sol1_output_vtk.f90" />
		<Unit filename="../outputLibrary/sol2_output_user.f90" />
		<Unit filename="../outputLibrary/sol2_output_vtk.f90" />
		<Unit filename="../source/Makefile" />
		<Unit filename="../source/aero_coupling.f90" />
		<Unit filename="../source/aeroload_prepare.f90" />
		<Unit filename="../source/assemble_aa.f90" />
		<Unit filename="../source/beam2_cosinematrix.f90" />
		<Unit filename="../source/beam2_couplingmatrix.f90" />
		<Unit filename="../source/beam2_geostiff.f90" />
		<Unit filename="../source/beam2_geostiff_control.f90" />
		<Unit filename="../source/beam2_get_properties.f90" />
		<Unit filename="../source/beam2_prepareProperties.f90" />
		<Unit filename="../source/beam2_rotation.f90" />
		<Unit filename="../source/beam2_shape_functions.f90" />
		<Unit filename="../source/beam2_stiff.f90" />
		<Unit filename="../source/beam2_stiff_control.f90" />
		<Unit filename="../source/beam2_stress.f90" />
		<Unit filename="../source/beam2_temploadvec_control.f90" />
		<Unit filename="../source/blow_up_stiff.f90" />
		<Unit filename="../source/boundary_coupling_control.f90" />
		<Unit filename="../source/boundary_mpc_control.f90" />
		<Unit filename="../source/boundary_spc_control.f90" />
		<Unit filename="../source/boundary_varload_control.f90" />
		<Unit filename="../source/clear_node_node_con.f90" />
		<Unit filename="../source/cosinematrix_esys.f90" />
		<Unit filename="../source/estimate_number_nonzeros.f90" />
		<Unit filename="../source/estimate_number_nonzeros_block.f90" />
		<Unit filename="../source/estimate_number_nonzeros_simple.f90" />
		<Unit filename="../source/failure_prepare.f90" />
		<Unit filename="../source/free_globals.f90" />
		<Unit filename="../source/get_beam2_temperatures.f90" />
		<Unit filename="../source/get_inverse3.f90" />
		<Unit filename="../source/get_lsolid20_temperatures.f90" />
		<Unit filename="../source/get_node_node_con.f90" />
		<Unit filename="../source/get_node_temperatures.f90" />
		<Unit filename="../source/get_quad8_temperatures.f90" />
		<Unit filename="../source/get_restored_eigenvektors.f90" />
		<Unit filename="../source/hexa20_shapefunctions_x_y_z.f90" />
		<Unit filename="../source/hexa20_shapefunctions_xi_eta_zeta.f90" />
		<Unit filename="../source/impc_contact_lsolid20_naturalcoordinates.f90" />
		<Unit filename="../source/impc_contact_node_beam2.f90" />
		<Unit filename="../source/impc_contact_node_lsolid20.f90" />
		<Unit filename="../source/impc_contact_node_quad8.f90" />
		<Unit filename="../source/impc_contact_quad8_pointprojection.f90" />
		<Unit filename="../source/impc_control.f90" />
		<Unit filename="../source/init_elem_proc_dist.f90" />
		<Unit filename="../source/init_matrices.f90" />
		<Unit filename="../source/init_values.f90" />
		<Unit filename="../source/init_vectors.f90" />
		<Unit filename="../source/initstress_loads.f90" />
		<Unit filename="../source/input_process_line.f90" />
		<Unit filename="../source/input_tf.f90" />
		<Unit filename="../source/koopt_sol1_output.f90" />
		<Unit filename="../source/load_add_aeropressure.f90" />
		<Unit filename="../source/load_add_aeropressure_beam2.f90" />
		<Unit filename="../source/load_add_aeropressure_quad8.f90" />
		<Unit filename="../source/load_force.f90" />
		<Unit filename="../source/load_get_loadvector.f90" />
		<Unit filename="../source/load_loadvector.f90" />
		<Unit filename="../source/load_moment.f90" />
		<Unit filename="../source/load_p20load.f90" />
		<Unit filename="../source/load_p2load.f90" />
		<Unit filename="../source/load_p8load.f90" />
		<Unit filename="../source/load_remove_aeropressure.f90" />
		<Unit filename="../source/lsolid20_eps_th.f90" />
		<Unit filename="../source/lsolid20_extrapolate_gp_strain.f90" />
		<Unit filename="../source/lsolid20_extrapolate_gp_stress.f90" />
		<Unit filename="../source/lsolid20_geostiff.f90" />
		<Unit filename="../source/lsolid20_geostiff_control.f90" />
		<Unit filename="../source/lsolid20_initstressvec.f90" />
		<Unit filename="../source/lsolid20_prepareProperties.f90" />
		<Unit filename="../source/lsolid20_results_elem_lay.f90" />
		<Unit filename="../source/lsolid20_stiff.f90" />
		<Unit filename="../source/lsolid20_stiff_control.f90" />
		<Unit filename="../source/lsolid20_strainEnergy.f90" />
		<Unit filename="../source/lsolid20_strainEnergy_control.f90" />
		<Unit filename="../source/lsolid20_strain_displ_matrix.f90" />
		<Unit filename="../source/lsolid20_strains_stresses.f90" />
		<Unit filename="../source/lsolid20_temploadvec.f90" />
		<Unit filename="../source/lsolid20_temploadvec_control.f90" />
		<Unit filename="../source/lsolid20_transformation_matrix.f90" />
		<Unit filename="../source/main.f90" />
		<Unit filename="../source/mat1_calc_missing_value.f90" />
		<Unit filename="../source/mat20.f90" />
		<Unit filename="../source/mat8.f90" />
		<Unit filename="../source/nodalCoordSysTransMat.f90" />
		<Unit filename="../source/principalValues.f90" />
		<Unit filename="../source/printdisplacements.f90" />
		<Unit filename="../source/quad8_ansatzfunction_xieta.f90" />
		<Unit filename="../source/quad8_area.f90" />
		<Unit filename="../source/quad8_bmat.f90" />
		<Unit filename="../source/quad8_geostiff.f90" />
		<Unit filename="../source/quad8_geostiff_control.f90" />
		<Unit filename="../source/quad8_ip_coordsys.f90" />
		<Unit filename="../source/quad8_ip_strain.f90" />
		<Unit filename="../source/quad8_mpc_factors.f90" />
		<Unit filename="../source/quad8_normals.f90" />
		<Unit filename="../source/quad8_prepareproperties.f90" />
		<Unit filename="../source/quad8_result_extrapolation_transform.f90" />
		<Unit filename="../source/quad8_results_elem.f90" />
		<Unit filename="../source/quad8_results_elem_lay.f90" />
		<Unit filename="../source/quad8_results_node.f90" />
		<Unit filename="../source/quad8_stiff.f90" />
		<Unit filename="../source/quad8_stiff_control.f90" />
		<Unit filename="../source/quad8_strainEnergy.f90" />
		<Unit filename="../source/quad8_strainEnergy_control.f90" />
		<Unit filename="../source/quad8_temploadvec_control.f90" />
		<Unit filename="../source/quad8s_temploadvec.f90" />
		<Unit filename="../source/sol1_calculate_tse.f90" />
		<Unit filename="../source/sol1_get_stiffness_matrices.f90" />
		<Unit filename="../source/sol1_get_utot.f90" />
		<Unit filename="../source/sol1_output_advila.f90" />
		<Unit filename="../source/sol1_output_control.f90" />
		<Unit filename="../source/sol1_output_default.f90" />
		<Unit filename="../source/sol1_output_glawi.f90" />
		<Unit filename="../source/sol1_output_glawi2.f90" />
		<Unit filename="../source/sol1_output_hymowi.f90" />
		<Unit filename="../source/sol1_output_hymowi2.f90" />
		<Unit filename="../source/sol1_output_koopt.f90" />
		<Unit filename="../source/sol1_output_optitube.f90" />
		<Unit filename="../source/sol1_output_sab.f90" />
		<Unit filename="../source/sol1_reaction_forces.f90" />
		<Unit filename="../source/sol1_solve.f90" />
		<Unit filename="../source/sol2_extract_eigenvalues.f90" />
		<Unit filename="../source/sol2_get_geometric_stiffness_matrix.f90" />
		<Unit filename="../source/sol2_output_control.f90" />
		<Unit filename="../source/sol2_reset_kgeo.f90" />
		<Unit filename="../source/sol2_solve.f90" />
		<Unit filename="../source/sol2_solve_condensed_problem.f90" />
		<Unit filename="../source/spc1_mod_dof.f90" />
		<Unit filename="../source/temperature_loads.f90" />
		<Unit filename="../source/transform_eg_cmat.f90" />
		<Unit filename="../source/transform_eg_strain.f90" />
		<Unit filename="../source/transform_eg_stress.f90" />
		<Unit filename="../source/update_geometry.f90" />
		<Unit filename="../source/vtkoutcelldata.f90" />
		<Unit filename="../source/vtkoutcelldata_int.f90" />
		<Unit filename="../source/vtkoutcelldata_vector.f90" />
		<Unit filename="../source/vtkouteig.f90" />
		<Unit filename="../source/vtkoutelemcoord.f90" />
		<Unit filename="../source/vtkoutelementprop.f90" />
		<Unit filename="../source/vtkoutend.f90" />
		<Unit filename="../source/vtkoutfixeddispl.f90" />
		<Unit filename="../source/vtkoutmesh.f90" />
		<Unit filename="../source/vtkoutpointscalar.f90" />
		<Unit filename="../source/vtkoutpointvektor.f90" />
		<Unit filename="../source/vtkoutprep.f90" />
		<Unit filename="../source/vtkoutstatic.f90" />
		<Unit filename="../source/writeCompTime.f90" />
		<Unit filename="../source/write_matrix.f90" />
		<Unit filename="../source/write_quad_matrix.f90" />
		<Unit filename="../source/writeinput.f90" />
		<Unit filename="../testsubroutines/testcase1.f90" />
		<Unit filename="../testsubroutines/testcase10.f90" />
		<Unit filename="../testsubroutines/testcase10b.f90" />
		<Unit filename="../testsubroutines/testcase11.f90" />
		<Unit filename="../testsubroutines/testcase12.f90" />
		<Unit filename="../testsubroutines/testcase13.f90" />
		<Unit filename="../testsubroutines/testcase14.f90" />
		<Unit filename="../testsubroutines/testcase2.f90" />
		<Unit filename="../testsubroutines/testcase3.f90" />
		<Unit filename="../testsubroutines/testcase4.f90" />
		<Unit filename="../testsubroutines/testcase5.f90" />
		<Unit filename="../testsubroutines/testcase6.f90" />
		<Unit filename="../testsubroutines/testcase7.f90" />
		<Unit filename="../testsubroutines/testcase8.f90" />
		<Unit filename="../testsubroutines/testcase8b.f90" />
		<Unit filename="../testsubroutines/testcase9.f90" />
		<Unit filename="../testsubroutines/testcse14.f90" />
		<Unit filename="../testsubroutines/testroutine.f90" />
		<Extensions />
	</Project>
</CodeBlocks_project_file>
